// !$*UTF8*$!
{
	archiveVersion = 1;
	classes = {
	};
	objectVersion = 77;
	objects = {

/* Begin PBXContainerItemProxy section */
		7FBCD1742D81E97C009B9CD5 /* PBXContainerItemProxy */ = {
			isa = PBXContainerItemProxy;
			containerPortal = 7FBCD15B2D81E97A009B9CD5 /* Project object */;
			proxyType = 1;
			remoteGlobalIDString = 7FBCD1622D81E97B009B9CD5;
			remoteInfo = Chief;
		};
		7FBCD17E2D81E97C009B9CD5 /* PBXContainerItemProxy */ = {
			isa = PBXContainerItemProxy;
			containerPortal = 7FBCD15B2D81E97A009B9CD5 /* Project object */;
			proxyType = 1;
			remoteGlobalIDString = 7FBCD1622D81E97B009B9CD5;
			remoteInfo = Chief;
		};
/* End PBXContainerItemProxy section */

/* Begin PBXFileReference section */
		7FBCD1632D81E97B009B9CD5 /* Chief.app */ = {isa = PBXFileReference; explicitFileType = wrapper.application; includeInIndex = 0; path = Chief.app; sourceTree = BUILT_PRODUCTS_DIR; };
		7FBCD1732D81E97C009B9CD5 /* ChiefTests.xctest */ = {isa = PBXFileReference; explicitFileType = wrapper.cfbundle; includeInIndex = 0; path = ChiefTests.xctest; sourceTree = BUILT_PRODUCTS_DIR; };
		7FBCD17D2D81E97C009B9CD5 /* ChiefUITests.xctest */ = {isa = PBXFileReference; explicitFileType = wrapper.cfbundle; includeInIndex = 0; path = ChiefUITests.xctest; sourceTree = BUILT_PRODUCTS_DIR; };
/* End PBXFileReference section */

/* Begin PBXFileSystemSynchronizedRootGroup section */
		7FBCD1652D81E97B009B9CD5 /* Chief */ = {
			isa = PBXFileSystemSynchronizedRootGroup;
			path = Chief;
			sourceTree = "<group>";
		};
		7FBCD1762D81E97C009B9CD5 /* ChiefTests */ = {
			isa = PBXFileSystemSynchronizedRootGroup;
			path = ChiefTests;
			sourceTree = "<group>";
		};
		7FBCD1802D81E97C009B9CD5 /* ChiefUITests */ = {
			isa = PBXFileSystemSynchronizedRootGroup;
			path = ChiefUITests;
			sourceTree = "<group>";
		};
/* End PBXFileSystemSynchronizedRootGroup section */

/* Begin PBXFrameworksBuildPhase section */
		7FBCD1602D81E97B009B9CD5 /* Frameworks */ = {
			isa = PBXFrameworksBuildPhase;
			buildActionMask = 2147483647;
			files = (
			);
			runOnlyForDeploymentPostprocessing = 0;
		};
		7FBCD1702D81E97C009B9CD5 /* Frameworks */ = {
			isa = PBXFrameworksBuildPhase;
			buildActionMask = 2147483647;
			files = (
			);
			runOnlyForDeploymentPostprocessing = 0;
		};
		7FBCD17A2D81E97C009B9CD5 /* Frameworks */ = {
			isa = PBXFrameworksBuildPhase;
			buildActionMask = 2147483647;
			files = (
			);
			runOnlyForDeploymentPostprocessing = 0;
		};
/* End PBXFrameworksBuildPhase section */

/* Begin PBXGroup section */
		7FBCD15A2D81E97A009B9CD5 = {
			isa = PBXGroup;
			children = (
				7FBCD1652D81E97B009B9CD5 /* Chief */,
				7FBCD1762D81E97C009B9CD5 /* ChiefTests */,
				7FBCD1802D81E97C009B9CD5 /* ChiefUITests */,
				7FBCD1642D81E97B009B9CD5 /* Products */,
			);
			sourceTree = "<group>";
		};
		7FBCD1642D81E97B009B9CD5 /* Products */ = {
			isa = PBXGroup;
			children = (
				7FBCD1632D81E97B009B9CD5 /* Chief.app */,
				7FBCD1732D81E97C009B9CD5 /* ChiefTests.xctest */,
				7FBCD17D2D81E97C009B9CD5 /* ChiefUITests.xctest */,
			);
			name = Products;
			sourceTree = "<group>";
		};
/* End PBXGroup section */

/* Begin PBXNativeTarget section */
		7FBCD1622D81E97B009B9CD5 /* Chief */ = {
			isa = PBXNativeTarget;
			buildConfigurationList = 7FBCD1872D81E97C009B9CD5 /* Build configuration list for PBXNativeTarget "Chief" */;
			buildPhases = (
				7FBCD15F2D81E97B009B9CD5 /* Sources */,
				7FBCD1602D81E97B009B9CD5 /* Frameworks */,
				7FBCD1612D81E97B009B9CD5 /* Resources */,
			);
			buildRules = (
			);
			dependencies = (
			);
			fileSystemSynchronizedGroups = (
				7FBCD1652D81E97B009B9CD5 /* Chief */,
			);
			name = Chief;
			packageProductDependencies = (
			);
			productName = Chief;
			productReference = 7FBCD1632D81E97B009B9CD5 /* Chief.app */;
			productType = "com.apple.product-type.application";
		};
		7FBCD1722D81E97C009B9CD5 /* ChiefTests */ = {
			isa = PBXNativeTarget;
			buildConfigurationList = 7FBCD18A2D81E97C009B9CD5 /* Build configuration list for PBXNativeTarget "ChiefTests" */;
			buildPhases = (
				7FBCD16F2D81E97C009B9CD5 /* Sources */,
				7FBCD1702D81E97C009B9CD5 /* Frameworks */,
				7FBCD1712D81E97C009B9CD5 /* Resources */,
			);
			buildRules = (
			);
			dependencies = (
				7FBCD1752D81E97C009B9CD5 /* PBXTargetDependency */,
			);
			fileSystemSynchronizedGroups = (
				7FBCD1762D81E97C009B9CD5 /* ChiefTests */,
			);
			name = ChiefTests;
			packageProductDependencies = (
			);
			productName = ChiefTests;
			productReference = 7FBCD1732D81E97C009B9CD5 /* ChiefTests.xctest */;
			productType = "com.apple.product-type.bundle.unit-test";
		};
		7FBCD17C2D81E97C009B9CD5 /* ChiefUITests */ = {
			isa = PBXNativeTarget;
			buildConfigurationList = 7FBCD18D2D81E97C009B9CD5 /* Build configuration list for PBXNativeTarget "ChiefUITests" */;
			buildPhases = (
				7FBCD1792D81E97C009B9CD5 /* Sources */,
				7FBCD17A2D81E97C009B9CD5 /* Frameworks */,
				7FBCD17B2D81E97C009B9CD5 /* Resources */,
			);
			buildRules = (
			);
			dependencies = (
				7FBCD17F2D81E97C009B9CD5 /* PBXTargetDependency */,
			);
			fileSystemSynchronizedGroups = (
				7FBCD1802D81E97C009B9CD5 /* ChiefUITests */,
			);
			name = ChiefUITests;
			packageProductDependencies = (
			);
			productName = ChiefUITests;
			productReference = 7FBCD17D2D81E97C009B9CD5 /* ChiefUITests.xctest */;
			productType = "com.apple.product-type.bundle.ui-testing";
		};
/* End PBXNativeTarget section */

/* Begin PBXProject section */
		7FBCD15B2D81E97A009B9CD5 /* Project object */ = {
			isa = PBXProject;
			attributes = {
				BuildIndependentTargetsInParallel = 1;
				LastSwiftUpdateCheck = 1610;
				LastUpgradeCheck = 1610;
				TargetAttributes = {
					7FBCD1622D81E97B009B9CD5 = {
						CreatedOnToolsVersion = 16.1;
					};
					7FBCD1722D81E97C009B9CD5 = {
						CreatedOnToolsVersion = 16.1;
						TestTargetID = 7FBCD1622D81E97B009B9CD5;
					};
					7FBCD17C2D81E97C009B9CD5 = {
						CreatedOnToolsVersion = 16.1;
						TestTargetID = 7FBCD1622D81E97B009B9CD5;
					};
				};
			};
			buildConfigurationList = 7FBCD15E2D81E97A009B9CD5 /* Build configuration list for PBXProject "Chief" */;
			developmentRegion = en;
			hasScannedForEncodings = 0;
			knownRegions = (
				en,
				Base,
			);
			mainGroup = 7FBCD15A2D81E97A009B9CD5;
			minimizedProjectReferenceProxies = 1;
			preferredProjectObjectVersion = 77;
			productRefGroup = 7FBCD1642D81E97B009B9CD5 /* Products */;
			projectDirPath = "";
			projectRoot = "";
			targets = (
				7FBCD1622D81E97B009B9CD5 /* Chief */,
				7FBCD1722D81E97C009B9CD5 /* ChiefTests */,
				7FBCD17C2D81E97C009B9CD5 /* ChiefUITests */,
			);
		};
/* End PBXProject section */

/* Begin PBXResourcesBuildPhase section */
		7FBCD1612D81E97B009B9CD5 /* Resources */ = {
			isa = PBXResourcesBuildPhase;
			buildActionMask = 2147483647;
			files = (
			);
			runOnlyForDeploymentPostprocessing = 0;
		};
		7FBCD1712D81E97C009B9CD5 /* Resources */ = {
			isa = PBXResourcesBuildPhase;
			buildActionMask = 2147483647;
			files = (
			);
			runOnlyForDeploymentPostprocessing = 0;
		};
		7FBCD17B2D81E97C009B9CD5 /* Resources */ = {
			isa = PBXResourcesBuildPhase;
			buildActionMask = 2147483647;
			files = (
			);
			runOnlyForDeploymentPostprocessing = 0;
		};
/* End PBXResourcesBuildPhase section */

/* Begin PBXSourcesBuildPhase section */
		7FBCD15F2D81E97B009B9CD5 /* Sources */ = {
			isa = PBXSourcesBuildPhase;
			buildActionMask = 2147483647;
			files = (
			);
			runOnlyForDeploymentPostprocessing = 0;
		};
		7FBCD16F2D81E97C009B9CD5 /* Sources */ = {
			isa = PBXSourcesBuildPhase;
			buildActionMask = 2147483647;
			files = (
			);
			runOnlyForDeploymentPostprocessing = 0;
		};
		7FBCD1792D81E97C009B9CD5 /* Sources */ = {
			isa = PBXSourcesBuildPhase;
			buildActionMask = 2147483647;
			files = (
			);
			runOnlyForDeploymentPostprocessing = 0;
		};
/* End PBXSourcesBuildPhase section */

/* Begin PBXTargetDependency section */
		7FBCD1752D81E97C009B9CD5 /* PBXTargetDependency */ = {
			isa = PBXTargetDependency;
			target = 7FBCD1622D81E97B009B9CD5 /* Chief */;
			targetProxy = 7FBCD1742D81E97C009B9CD5 /* PBXContainerItemProxy */;
		};
		7FBCD17F2D81E97C009B9CD5 /* PBXTargetDependency */ = {
			isa = PBXTargetDependency;
			target = 7FBCD1622D81E97B009B9CD5 /* Chief */;
			targetProxy = 7FBCD17E2D81E97C009B9CD5 /* PBXContainerItemProxy */;
		};
/* End PBXTargetDependency section */

/* Begin XCBuildConfiguration section */
		7FBCD1852D81E97C009B9CD5 /* Debug */ = {
			isa = XCBuildConfiguration;
			buildSettings = {
				ALWAYS_SEARCH_USER_PATHS = NO;
				ASSETCATALOG_COMPILER_GENERATE_SWIFT_ASSET_SYMBOL_EXTENSIONS = YES;
				CLANG_ANALYZER_NONNULL = YES;
				CLANG_ANALYZER_NUMBER_OBJECT_CONVERSION = YES_AGGRESSIVE;
				CLANG_CXX_LANGUAGE_STANDARD = "gnu++20";
				CLANG_ENABLE_MODULES = YES;
				CLANG_ENABLE_OBJC_ARC = YES;
				CLANG_ENABLE_OBJC_WEAK = YES;
				CLANG_WARN_BLOCK_CAPTURE_AUTORELEASING = YES;
				CLANG_WARN_BOOL_CONVERSION = YES;
				CLANG_WARN_COMMA = YES;
				CLANG_WARN_CONSTANT_CONVERSION = YES;
				CLANG_WARN_DEPRECATED_OBJC_IMPLEMENTATIONS = YES;
				CLANG_WARN_DIRECT_OBJC_ISA_USAGE = YES_ERROR;
				CLANG_WARN_DOCUMENTATION_COMMENTS = YES;
				CLANG_WARN_EMPTY_BODY = YES;
				CLANG_WARN_ENUM_CONVERSION = YES;
				CLANG_WARN_INFINITE_RECURSION = YES;
				CLANG_WARN_INT_CONVERSION = YES;
				CLANG_WARN_NON_LITERAL_NULL_CONVERSION = YES;
				CLANG_WARN_OBJC_IMPLICIT_RETAIN_SELF = YES;
				CLANG_WARN_OBJC_LITERAL_CONVERSION = YES;
				CLANG_WARN_OBJC_ROOT_CLASS = YES_ERROR;
				CLANG_WARN_QUOTED_INCLUDE_IN_FRAMEWORK_HEADER = YES;
				CLANG_WARN_RANGE_LOOP_ANALYSIS = YES;
				CLANG_WARN_STRICT_PROTOTYPES = YES;
				CLANG_WARN_SUSPICIOUS_MOVE = YES;
				CLANG_WARN_UNGUARDED_AVAILABILITY = YES_AGGRESSIVE;
				CLANG_WARN_UNREACHABLE_CODE = YES;
				CLANG_WARN__DUPLICATE_METHOD_MATCH = YES;
				COPY_PHASE_STRIP = NO;
				DEBUG_INFORMATION_FORMAT = dwarf;
				ENABLE_STRICT_OBJC_MSGSEND = YES;
				ENABLE_TESTABILITY = YES;
				ENABLE_USER_SCRIPT_SANDBOXING = YES;
				GCC_C_LANGUAGE_STANDARD = gnu17;
				GCC_DYNAMIC_NO_PIC = NO;
				GCC_NO_COMMON_BLOCKS = YES;
				GCC_OPTIMIZATION_LEVEL = 0;
				GCC_PREPROCESSOR_DEFINITIONS = (
					"DEBUG=1",
					"$(inherited)",
				);
				GCC_WARN_64_TO_32_BIT_CONVERSION = YES;
				GCC_WARN_ABOUT_RETURN_TYPE = YES_ERROR;
				GCC_WARN_UNDECLARED_SELECTOR = YES;
				GCC_WARN_UNINITIALIZED_AUTOS = YES_AGGRESSIVE;
				GCC_WARN_UNUSED_FUNCTION = YES;
				GCC_WARN_UNUSED_VARIABLE = YES;
				IPHONEOS_DEPLOYMENT_TARGET = 18.1;
				LOCALIZATION_PREFERS_STRING_CATALOGS = YES;
				MTL_ENABLE_DEBUG_INFO = INCLUDE_SOURCE;
				MTL_FAST_MATH = YES;
				ONLY_ACTIVE_ARCH = YES;
				SDKROOT = iphoneos;
				SWIFT_ACTIVE_COMPILATION_CONDITIONS = "DEBUG $(inherited)";
				SWIFT_OPTIMIZATION_LEVEL = "-Onone";
			};
			name = Debug;
		};
		7FBCD1862D81E97C009B9CD5 /* Release */ = {
			isa = XCBuildConfiguration;
			buildSettings = {
				ALWAYS_SEARCH_USER_PATHS = NO;
				ASSETCATALOG_COMPILER_GENERATE_SWIFT_ASSET_SYMBOL_EXTENSIONS = YES;
				CLANG_ANALYZER_NONNULL = YES;
				CLANG_ANALYZER_NUMBER_OBJECT_CONVERSION = YES_AGGRESSIVE;
				CLANG_CXX_LANGUAGE_STANDARD = "gnu++20";
				CLANG_ENABLE_MODULES = YES;
				CLANG_ENABLE_OBJC_ARC = YES;
				CLANG_ENABLE_OBJC_WEAK = YES;
				CLANG_WARN_BLOCK_CAPTURE_AUTORELEASING = YES;
				CLANG_WARN_BOOL_CONVERSION = YES;
				CLANG_WARN_COMMA = YES;
				CLANG_WARN_CONSTANT_CONVERSION = YES;
				CLANG_WARN_DEPRECATED_OBJC_IMPLEMENTATIONS = YES;
				CLANG_WARN_DIRECT_OBJC_ISA_USAGE = YES_ERROR;
				CLANG_WARN_DOCUMENTATION_COMMENTS = YES;
				CLANG_WARN_EMPTY_BODY = YES;
				CLANG_WARN_ENUM_CONVERSION = YES;
				CLANG_WARN_INFINITE_RECURSION = YES;
				CLANG_WARN_INT_CONVERSION = YES;
				CLANG_WARN_NON_LITERAL_NULL_CONVERSION = YES;
				CLANG_WARN_OBJC_IMPLICIT_RETAIN_SELF = YES;
				CLANG_WARN_OBJC_LITERAL_CONVERSION = YES;
				CLANG_WARN_OBJC_ROOT_CLASS = YES_ERROR;
				CLANG_WARN_QUOTED_INCLUDE_IN_FRAMEWORK_HEADER = YES;
				CLANG_WARN_RANGE_LOOP_ANALYSIS = YES;
				CLANG_WARN_STRICT_PROTOTYPES = YES;
				CLANG_WARN_SUSPICIOUS_MOVE = YES;
				CLANG_WARN_UNGUARDED_AVAILABILITY = YES_AGGRESSIVE;
				CLANG_WARN_UNREACHABLE_CODE = YES;
				CLANG_WARN__DUPLICATE_METHOD_MATCH = YES;
				COPY_PHASE_STRIP = NO;
				DEBUG_INFORMATION_FORMAT = "dwarf-with-dsym";
				ENABLE_NS_ASSERTIONS = NO;
				ENABLE_STRICT_OBJC_MSGSEND = YES;
				ENABLE_USER_SCRIPT_SANDBOXING = YES;
				GCC_C_LANGUAGE_STANDARD = gnu17;
				GCC_NO_COMMON_BLOCKS = YES;
				GCC_WARN_64_TO_32_BIT_CONVERSION = YES;
				GCC_WARN_ABOUT_RETURN_TYPE = YES_ERROR;
				GCC_WARN_UNDECLARED_SELECTOR = YES;
				GCC_WARN_UNINITIALIZED_AUTOS = YES_AGGRESSIVE;
				GCC_WARN_UNUSED_FUNCTION = YES;
				GCC_WARN_UNUSED_VARIABLE = YES;
				IPHONEOS_DEPLOYMENT_TARGET = 18.1;
				LOCALIZATION_PREFERS_STRING_CATALOGS = YES;
				MTL_ENABLE_DEBUG_INFO = NO;
				MTL_FAST_MATH = YES;
				SDKROOT = iphoneos;
				SWIFT_COMPILATION_MODE = wholemodule;
				VALIDATE_PRODUCT = YES;
			};
			name = Release;
		};
		7FBCD1882D81E97C009B9CD5 /* Debug */ = {
			isa = XCBuildConfiguration;
			buildSettings = {
				ASSETCATALOG_COMPILER_APPICON_NAME = AppIcon;
				ASSETCATALOG_COMPILER_GLOBAL_ACCENT_COLOR_NAME = AccentColor;
				CODE_SIGN_STYLE = Automatic;
				CURRENT_PROJECT_VERSION = 1;
				DEVELOPMENT_ASSET_PATHS = "\"Chief/Preview Content\"";
				DEVELOPMENT_TEAM = BHK6J49AS7;
				ENABLE_PREVIEWS = YES;
				GENERATE_INFOPLIST_FILE = YES;
				INFOPLIST_KEY_UIApplicationSceneManifest_Generation = YES;
				INFOPLIST_KEY_UIApplicationSupportsIndirectInputEvents = YES;
				INFOPLIST_KEY_UILaunchScreen_Generation = YES;
				INFOPLIST_KEY_UISupportedInterfaceOrientations_iPad = "UIInterfaceOrientationPortrait UIInterfaceOrientationPortraitUpsideDown UIInterfaceOrientationLandscapeLeft UIInterfaceOrientationLandscapeRight";
				INFOPLIST_KEY_UISupportedInterfaceOrientations_iPhone = "UIInterfaceOrientationPortrait UIInterfaceOrientationLandscapeLeft UIInterfaceOrientationLandscapeRight";
				LD_RUNPATH_SEARCH_PATHS = (
					"$(inherited)",
					"@executable_path/Frameworks",
				);
				MARKETING_VERSION = 1.0;
				PRODUCT_BUNDLE_IDENTIFIER = Kefka.Chief;
				PRODUCT_NAME = "$(TARGET_NAME)";
				SWIFT_EMIT_LOC_STRINGS = YES;
				SWIFT_VERSION = 5.0;
				TARGETED_DEVICE_FAMILY = "1,2";
			};
			name = Debug;
		};
		7FBCD1892D81E97C009B9CD5 /* Release */ = {
			isa = XCBuildConfiguration;
			buildSettings = {
				ASSETCATALOG_COMPILER_APPICON_NAME = AppIcon;
				ASSETCATALOG_COMPILER_GLOBAL_ACCENT_COLOR_NAME = AccentColor;
				CODE_SIGN_STYLE = Automatic;
				CURRENT_PROJECT_VERSION = 1;
				DEVELOPMENT_ASSET_PATHS = "\"Chief/Preview Content\"";
				DEVELOPMENT_TEAM = BHK6J49AS7;
				ENABLE_PREVIEWS = YES;
				GENERATE_INFOPLIST_FILE = YES;
				INFOPLIST_KEY_UIApplicationSceneManifest_Generation = YES;
				INFOPLIST_KEY_UIApplicationSupportsIndirectInputEvents = YES;
				INFOPLIST_KEY_UILaunchScreen_Generation = YES;
				INFOPLIST_KEY_UISupportedInterfaceOrientations_iPad = "UIInterfaceOrientationPortrait UIInterfaceOrientationPortraitUpsideDown UIInterfaceOrientationLandscapeLeft UIInterfaceOrientationLandscapeRight";
				INFOPLIST_KEY_UISupportedInterfaceOrientations_iPhone = "UIInterfaceOrientationPortrait UIInterfaceOrientationLandscapeLeft UIInterfaceOrientationLandscapeRight";
				LD_RUNPATH_SEARCH_PATHS = (
					"$(inherited)",
					"@executable_path/Frameworks",
				);
				MARKETING_VERSION = 1.0;
				PRODUCT_BUNDLE_IDENTIFIER = Kefka.Chief;
				PRODUCT_NAME = "$(TARGET_NAME)";
				SWIFT_EMIT_LOC_STRINGS = YES;
				SWIFT_VERSION = 5.0;
				TARGETED_DEVICE_FAMILY = "1,2";
			};
			name = Release;
		};
		7FBCD18B2D81E97C009B9CD5 /* Debug */ = {
			isa = XCBuildConfiguration;
			buildSettings = {
				BUNDLE_LOADER = "$(TEST_HOST)";
				CODE_SIGN_STYLE = Automatic;
				CURRENT_PROJECT_VERSION = 1;
				DEVELOPMENT_TEAM = BHK6J49AS7;
				GENERATE_INFOPLIST_FILE = YES;
				IPHONEOS_DEPLOYMENT_TARGET = 18.1;
				MARKETING_VERSION = 1.0;
				PRODUCT_BUNDLE_IDENTIFIER = Kefka.ChiefTests;
				PRODUCT_NAME = "$(TARGET_NAME)";
				SWIFT_EMIT_LOC_STRINGS = NO;
				SWIFT_VERSION = 5.0;
				TARGETED_DEVICE_FAMILY = "1,2";
				TEST_HOST = "$(BUILT_PRODUCTS_DIR)/Chief.app/$(BUNDLE_EXECUTABLE_FOLDER_PATH)/Chief";
			};
			name = Debug;
		};
		7FBCD18C2D81E97C009B9CD5 /* Release */ = {
			isa = XCBuildConfiguration;
			buildSettings = {
				BUNDLE_LOADER = "$(TEST_HOST)";
				CODE_SIGN_STYLE = Automatic;
				CURRENT_PROJECT_VERSION = 1;
				DEVELOPMENT_TEAM = BHK6J49AS7;
				GENERATE_INFOPLIST_FILE = YES;
				IPHONEOS_DEPLOYMENT_TARGET = 18.1;
				MARKETING_VERSION = 1.0;
				PRODUCT_BUNDLE_IDENTIFIER = Kefka.ChiefTests;
				PRODUCT_NAME = "$(TARGET_NAME)";
				SWIFT_EMIT_LOC_STRINGS = NO;
				SWIFT_VERSION = 5.0;
				TARGETED_DEVICE_FAMILY = "1,2";
				TEST_HOST = "$(BUILT_PRODUCTS_DIR)/Chief.app/$(BUNDLE_EXECUTABLE_FOLDER_PATH)/Chief";
			};
			name = Release;
		};
		7FBCD18E2D81E97C009B9CD5 /* Debug */ = {
			isa = XCBuildConfiguration;
			buildSettings = {
				CODE_SIGN_STYLE = Automatic;
				CURRENT_PROJECT_VERSION = 1;
				DEVELOPMENT_TEAM = BHK6J49AS7;
				GENERATE_INFOPLIST_FILE = YES;
				MARKETING_VERSION = 1.0;
				PRODUCT_BUNDLE_IDENTIFIER = Kefka.ChiefUITests;
				PRODUCT_NAME = "$(TARGET_NAME)";
				SWIFT_EMIT_LOC_STRINGS = NO;
				SWIFT_VERSION = 5.0;
				TARGETED_DEVICE_FAMILY = "1,2";
				TEST_TARGET_NAME = Chief;
			};
			name = Debug;
		};
		7FBCD18F2D81E97C009B9CD5 /* Release */ = {
			isa = XCBuildConfiguration;
			buildSettings = {
				CODE_SIGN_STYLE = Automatic;
				CURRENT_PROJECT_VERSION = 1;
				DEVELOPMENT_TEAM = BHK6J49AS7;
				GENERATE_INFOPLIST_FILE = YES;
				MARKETING_VERSION = 1.0;
				PRODUCT_BUNDLE_IDENTIFIER = Kefka.ChiefUITests;
				PRODUCT_NAME = "$(TARGET_NAME)";
				SWIFT_EMIT_LOC_STRINGS = NO;
				SWIFT_VERSION = 5.0;
				TARGETED_DEVICE_FAMILY = "1,2";
				TEST_TARGET_NAME = Chief;
			};
			name = Release;
		};
/* End XCBuildConfiguration section */

/* Begin XCConfigurationList section */
		7FBCD15E2D81E97A009B9CD5 /* Build configuration list for PBXProject "Chief" */ = {
			isa = XCConfigurationList;
			buildConfigurations = (
				7FBCD1852D81E97C009B9CD5 /* Debug */,
				7FBCD1862D81E97C009B9CD5 /* Release */,
			);
			defaultConfigurationIsVisible = 0;
			defaultConfigurationName = Release;
		};
		7FBCD1872D81E97C009B9CD5 /* Build configuration list for PBXNativeTarget "Chief" */ = {
			isa = XCConfigurationList;
			buildConfigurations = (
				7FBCD1882D81E97C009B9CD5 /* Debug */,
				7FBCD1892D81E97C009B9CD5 /* Release */,
			);
			defaultConfigurationIsVisible = 0;
			defaultConfigurationName = Release;
		};
		7FBCD18A2D81E97C009B9CD5 /* Build configuration list for PBXNativeTarget "ChiefTests" */ = {
			isa = XCConfigurationList;
			buildConfigurations = (
				7FBCD18B2D81E97C009B9CD5 /* Debug */,
				7FBCD18C2D81E97C009B9CD5 /* Release */,
			);
			defaultConfigurationIsVisible = 0;
			defaultConfigurationName = Release;
		};
		7FBCD18D2D81E97C009B9CD5 /* Build configuration list for PBXNativeTarget "ChiefUITests" */ = {
			isa = XCConfigurationList;
			buildConfigurations = (
				7FBCD18E2D81E97C009B9CD5 /* Debug */,
				7FBCD18F2D81E97C009B9CD5 /* Release */,
			);
			defaultConfigurationIsVisible = 0;
			defaultConfigurationName = Release;
		};
/* End XCConfigurationList section */
	};
	rootObject = 7FBCD15B2D81E97A009B9CD5 /* Project object */;
}
